schema: '2.0'
stages:
  data_ingestion:
    cmd: python src/data/data_ingestion.py
    deps:
    - path: src/data/data_ingestion.py
      hash: md5
      md5: ee08a4c31ae467cebbcce70b5cc5491a
      size: 3545
    params:
      params.yaml:
        data_ingestion.test_size: 0.3
    outs:
    - path: data/raw
      hash: md5
      md5: 03b3b604b1f92a17191a7fc947e576d6.dir
      size: 827973
      nfiles: 2
  data_preprocessing:
    cmd: python src/data/data_preprocessing.py
    deps:
    - path: data/raw
      hash: md5
      md5: 03b3b604b1f92a17191a7fc947e576d6.dir
      size: 827973
      nfiles: 2
    - path: src/data/data_preprocessing.py
      hash: md5
      md5: c1e18bf95fcc1e3d80cae9ee7c4a6383
      size: 4014
    outs:
    - path: data/interim
      hash: md5
      md5: 054e24fa2928240846e1210a1f2c54ac.dir
      size: 572486
      nfiles: 2
  feature_engineering:
    cmd: python src/features/feature_engineering.py
    deps:
    - path: data/interim
      hash: md5
      md5: 054e24fa2928240846e1210a1f2c54ac.dir
      size: 572486
      nfiles: 2
    - path: src/features/feature_engineering.py
      hash: md5
      md5: c1888aef256c204017522c2ce5fd36a0
      size: 3883
    params:
      params.yaml:
        feature_engineering.max_features: 5000
    outs:
    - path: data/processed
      hash: md5
      md5: eb05dcd682bcb4b4fd50da7b69f50155.dir
      size: 103818916
      nfiles: 2
    - path: models/vectorizer.pkl
      hash: md5
      md5: 0541615efc207afdf0b3ffe358a045fb
      size: 120750
  model_building:
    cmd: python src/model/model_building.py
    deps:
    - path: data/processed
      hash: md5
      md5: eb05dcd682bcb4b4fd50da7b69f50155.dir
      size: 103818916
      nfiles: 2
    - path: src/model/model_building.py
      hash: md5
      md5: 809681a98d52938b43c9befd0b00a422
      size: 2373
    outs:
    - path: models/model.pkl
      hash: md5
      md5: 8dba59fb41dbedc842485cc8609afe81
      size: 40716
  model_evaluation:
    cmd: python src/model/model_evaluation.py
    deps:
    - path: models/model.pkl
      hash: md5
      md5: 8dba59fb41dbedc842485cc8609afe81
      size: 40716
    - path: src/model/model_evaluation.py
      hash: md5
      md5: 0ff6f3b3210733fe321840c5462ca45d
      size: 5242
    outs:
    - path: reports/experiment_info.json
      hash: md5
      md5: f3900c7da369402a173cc16718143ad2
      size: 82
    - path: reports/metrics.json
      hash: md5
      md5: 0e1ec743a1a7a67effeac337d36b6ce6
      size: 145
  model_registration:
    cmd: python src/model/register_model.py
    deps:
    - path: reports/experiment_info.json
      hash: md5
      md5: f3900c7da369402a173cc16718143ad2
      size: 82
    - path: src/model/register_model.py
      hash: md5
      md5: 368b1e9464b8d3b397717eb8e8e63cfb
      size: 2515
